
Microsoft Visual Studio Solution File, Format Version 12.00
# Visual Studio 2015
Project("{FAE04EC0-301F-11D3-BF4B-00C04F79EFBC}") = "Liftoff.CSharp.Plugins", "Liftoff.CSharp.Plugins.csproj", "{812A3694-A42C-4411-7F91-20677BC514D3}"
EndProject
Project("{FAE04EC0-301F-11D3-BF4B-00C04F79EFBC}") = "Liftoff.CSharp", "Liftoff.CSharp.csproj", "{DFC3DBED-4F5B-63C5-1CBB-50B0B106DA36}"
EndProject
Project("{FAE04EC0-301F-11D3-BF4B-00C04F79EFBC}") = "Liftoff.CSharp.Editor", "Liftoff.CSharp.Editor.csproj", "{CDCC55A2-FFBF-8646-6766-A16D5BFF33EE}"
EndProject
Global
	GlobalSection(SolutionConfigurationPlatforms) = preSolution
		Debug|Any CPU = Debug|Any CPU
		Release|Any CPU = Release|Any CPU
	EndGlobalSection
	GlobalSection(ProjectConfigurationPlatforms) = postSolution
		{812A3694-A42C-4411-7F91-20677BC514D3}.Debug|Any CPU.ActiveCfg = Debug|Any CPU
		{812A3694-A42C-4411-7F91-20677BC514D3}.Debug|Any CPU.Build.0 = Debug|Any CPU
		{812A3694-A42C-4411-7F91-20677BC514D3}.Release|Any CPU.ActiveCfg = Release|Any CPU
		{812A3694-A42C-4411-7F91-20677BC514D3}.Release|Any CPU.Build.0 = Release|Any CPU
		{DFC3DBED-4F5B-63C5-1CBB-50B0B106DA36}.Debug|Any CPU.ActiveCfg = Debug|Any CPU
		{DFC3DBED-4F5B-63C5-1CBB-50B0B106DA36}.Debug|Any CPU.Build.0 = Debug|Any CPU
		{DFC3DBED-4F5B-63C5-1CBB-50B0B106DA36}.Release|Any CPU.ActiveCfg = Release|Any CPU
		{DFC3DBED-4F5B-63C5-1CBB-50B0B106DA36}.Release|Any CPU.Build.0 = Release|Any CPU
		{CDCC55A2-FFBF-8646-6766-A16D5BFF33EE}.Debug|Any CPU.ActiveCfg = Debug|Any CPU
		{CDCC55A2-FFBF-8646-6766-A16D5BFF33EE}.Debug|Any CPU.Build.0 = Debug|Any CPU
		{CDCC55A2-FFBF-8646-6766-A16D5BFF33EE}.Release|Any CPU.ActiveCfg = Release|Any CPU
		{CDCC55A2-FFBF-8646-6766-A16D5BFF33EE}.Release|Any CPU.Build.0 = Release|Any CPU
	EndGlobalSection
	GlobalSection(SolutionProperties) = preSolution
		HideSolutionNode = FALSE
	EndGlobalSection
EndGlobal
